// !$*UTF8*$!
{
	archiveVersion = 1;
	classes = {
	};
	objectVersion = 77;
	objects = {

/* Begin PBXBuildFile section */
		3F15E6062DF1801400692000 /* ALP_MADWatchApp Watch App.app in Embed Watch Content */ = {isa = PBXBuildFile; fileRef = 3F15E5E62DF1801200692000 /* ALP_MADWatchApp Watch App.app */; settings = {ATTRIBUTES = (RemoveHeadersOnCopy, ); }; };
		3FC312782DE5A44D003566FB /* FirebaseAnalytics in Frameworks */ = {isa = PBXBuildFile; productRef = 3FC312772DE5A44D003566FB /* FirebaseAnalytics */; };
		3FC3127A2DE5A44D003566FB /* FirebaseAppCheck in Frameworks */ = {isa = PBXBuildFile; productRef = 3FC312792DE5A44D003566FB /* FirebaseAppCheck */; };
		3FC3127C2DE5A44D003566FB /* FirebaseAuth in Frameworks */ = {isa = PBXBuildFile; productRef = 3FC3127B2DE5A44D003566FB /* FirebaseAuth */; };
		3FC3127E2DE5A44D003566FB /* FirebaseCore in Frameworks */ = {isa = PBXBuildFile; productRef = 3FC3127D2DE5A44D003566FB /* FirebaseCore */; };
		3FC312802DE5A44D003566FB /* FirebaseDatabase in Frameworks */ = {isa = PBXBuildFile; productRef = 3FC3127F2DE5A44D003566FB /* FirebaseDatabase */; };
		B955D79A2DF9B9A600941302 /* WatchConnectivity.framework in Frameworks */ = {isa = PBXBuildFile; fileRef = B955D7982DF9B99600941302 /* WatchConnectivity.framework */; };
		B955D79F2DF9B9B700941302 /* WatchConnectivity.framework in Frameworks */ = {isa = PBXBuildFile; fileRef = B955D79D2DF9B9B500941302 /* WatchConnectivity.framework */; };
/* End PBXBuildFile section */

/* Begin PBXContainerItemProxy section */
		3F15E5F32DF1801400692000 /* PBXContainerItemProxy */ = {
			isa = PBXContainerItemProxy;
			containerPortal = 3FD972382DDEBD4700B3D542 /* Project object */;
			proxyType = 1;
			remoteGlobalIDString = 3F15E5E52DF1801200692000;
			remoteInfo = "ALP_MADWatchApp Watch App";
		};
		3F15E5FD2DF1801400692000 /* PBXContainerItemProxy */ = {
			isa = PBXContainerItemProxy;
			containerPortal = 3FD972382DDEBD4700B3D542 /* Project object */;
			proxyType = 1;
			remoteGlobalIDString = 3F15E5E52DF1801200692000;
			remoteInfo = "ALP_MADWatchApp Watch App";
		};
		3F15E6042DF1801400692000 /* PBXContainerItemProxy */ = {
			isa = PBXContainerItemProxy;
			containerPortal = 3FD972382DDEBD4700B3D542 /* Project object */;
			proxyType = 1;
			remoteGlobalIDString = 3F15E5E52DF1801200692000;
			remoteInfo = "ALP_MADWatchApp Watch App";
		};
		3F92371B2DF82EC90023B5D2 /* PBXContainerItemProxy */ = {
			isa = PBXContainerItemProxy;
			containerPortal = 3FD972382DDEBD4700B3D542 /* Project object */;
			proxyType = 1;
			remoteGlobalIDString = 3FD9723F2DDEBD4700B3D542;
			remoteInfo = ALP_MAD;
		};
/* End PBXContainerItemProxy section */

/* Begin PBXCopyFilesBuildPhase section */
		3F15E6072DF1801400692000 /* Embed Watch Content */ = {
			isa = PBXCopyFilesBuildPhase;
			buildActionMask = 2147483647;
			dstPath = "$(CONTENTS_FOLDER_PATH)/Watch";
			dstSubfolderSpec = 16;
			files = (
				3F15E6062DF1801400692000 /* ALP_MADWatchApp Watch App.app in Embed Watch Content */,
			);
			name = "Embed Watch Content";
			runOnlyForDeploymentPostprocessing = 0;
		};
/* End PBXCopyFilesBuildPhase section */

/* Begin PBXFileReference section */
		3F15E5E62DF1801200692000 /* ALP_MADWatchApp Watch App.app */ = {isa = PBXFileReference; explicitFileType = wrapper.application; includeInIndex = 0; path = "ALP_MADWatchApp Watch App.app"; sourceTree = BUILT_PRODUCTS_DIR; };
		3F15E5F22DF1801400692000 /* ALP_MADWatchApp Watch AppTests.xctest */ = {isa = PBXFileReference; explicitFileType = wrapper.cfbundle; includeInIndex = 0; path = "ALP_MADWatchApp Watch AppTests.xctest"; sourceTree = BUILT_PRODUCTS_DIR; };
		3F15E5FC2DF1801400692000 /* ALP_MADWatchApp Watch AppUITests.xctest */ = {isa = PBXFileReference; explicitFileType = wrapper.cfbundle; includeInIndex = 0; path = "ALP_MADWatchApp Watch AppUITests.xctest"; sourceTree = BUILT_PRODUCTS_DIR; };
		3F9236BF2DF82E5A0023B5D2 /* ALP_MADTests.xctest */ = {isa = PBXFileReference; explicitFileType = wrapper.cfbundle; includeInIndex = 0; path = ALP_MADTests.xctest; sourceTree = BUILT_PRODUCTS_DIR; };
		3F9237172DF82EC90023B5D2 /* ALP_MADTests.xctest */ = {isa = PBXFileReference; explicitFileType = wrapper.cfbundle; includeInIndex = 0; path = ALP_MADTests.xctest; sourceTree = BUILT_PRODUCTS_DIR; };
		3FD972402DDEBD4700B3D542 /* ALP_MAD.app */ = {isa = PBXFileReference; explicitFileType = wrapper.application; includeInIndex = 0; path = ALP_MAD.app; sourceTree = BUILT_PRODUCTS_DIR; };
		B955D7982DF9B99600941302 /* WatchConnectivity.framework */ = {isa = PBXFileReference; lastKnownFileType = wrapper.framework; name = WatchConnectivity.framework; path = System/Library/Frameworks/WatchConnectivity.framework; sourceTree = SDKROOT; };
		B955D79D2DF9B9B500941302 /* WatchConnectivity.framework */ = {isa = PBXFileReference; lastKnownFileType = wrapper.framework; name = WatchConnectivity.framework; path = Platforms/WatchOS.platform/Developer/SDKs/WatchOS11.2.sdk/System/Library/Frameworks/WatchConnectivity.framework; sourceTree = DEVELOPER_DIR; };
		B955D7A22DF9CEEE00941302 /* ALP_MAD.xctestplan */ = {isa = PBXFileReference; lastKnownFileType = text; path = ALP_MAD.xctestplan; sourceTree = "<group>"; };
/* End PBXFileReference section */

/* Begin PBXFileSystemSynchronizedBuildFileExceptionSet section */
		3F9237292DF82EE70023B5D2 /* Exceptions for "ALP_MAD" folder in "ALP_MADTests" target */ = {
			isa = PBXFileSystemSynchronizedBuildFileExceptionSet;
			membershipExceptions = (
				ALP_MADApp.swift,
				ContentView.swift,
				Model/CommentModel.swift,
				Model/PostModel.swift,
				Model/UserModel.swift,
				View/CreatePostView.swift,
				View/EditPostView.swift,
				View/EditProfileView.swift,
				View/HomeCardView.swift,
				View/HomeView.swift,
				View/LoginSignUpView.swift,
				View/MainView.swift,
				View/PostDetailView.swift,
				View/ProfileView.swift,
				ViewModel/AuthViewModel.swift,
				ViewModel/CommentViewModel.swift,
				ViewModel/PostViewModel.swift,
				ViewModel/UserViewModel.swift,
			);
			target = 3F9237162DF82EC90023B5D2 /* ALP_MADTests */;
		};
		B955D7942DF9B77A00941302 /* Exceptions for "ALP_MAD" folder in "ALP_MADWatchApp Watch App" target */ = {
			isa = PBXFileSystemSynchronizedBuildFileExceptionSet;
			membershipExceptions = (
				Model/CommentModel.swift,
				Model/PostModel.swift,
				Model/UserModel.swift,
			);
			target = 3F15E5E52DF1801200692000 /* ALP_MADWatchApp Watch App */;
		};
/* End PBXFileSystemSynchronizedBuildFileExceptionSet section */

/* Begin PBXFileSystemSynchronizedRootGroup section */
		3F15E5E72DF1801200692000 /* ALP_MADWatchApp Watch App */ = {
			isa = PBXFileSystemSynchronizedRootGroup;
			path = "ALP_MADWatchApp Watch App";
			sourceTree = "<group>";
		};
		3F15E5F52DF1801400692000 /* ALP_MADWatchApp Watch AppTests */ = {
			isa = PBXFileSystemSynchronizedRootGroup;
			path = "ALP_MADWatchApp Watch AppTests";
			sourceTree = "<group>";
		};
		3F15E5FF2DF1801400692000 /* ALP_MADWatchApp Watch AppUITests */ = {
			isa = PBXFileSystemSynchronizedRootGroup;
			path = "ALP_MADWatchApp Watch AppUITests";
			sourceTree = "<group>";
		};
		3F9237182DF82EC90023B5D2 /* ALP_MADTests */ = {
			isa = PBXFileSystemSynchronizedRootGroup;
			path = ALP_MADTests;
			sourceTree = "<group>";
		};
		3FD972422DDEBD4700B3D542 /* ALP_MAD */ = {
			isa = PBXFileSystemSynchronizedRootGroup;
			exceptions = (
				B955D7942DF9B77A00941302 /* Exceptions for "ALP_MAD" folder in "ALP_MADWatchApp Watch App" target */,
				3F9237292DF82EE70023B5D2 /* Exceptions for "ALP_MAD" folder in "ALP_MADTests" target */,
			);
			path = ALP_MAD;
			sourceTree = "<group>";
		};
/* End PBXFileSystemSynchronizedRootGroup section */

/* Begin PBXFrameworksBuildPhase section */
		3F15E5E32DF1801200692000 /* Frameworks */ = {
			isa = PBXFrameworksBuildPhase;
			buildActionMask = 2147483647;
			files = (
				B955D79F2DF9B9B700941302 /* WatchConnectivity.framework in Frameworks */,
			);
			runOnlyForDeploymentPostprocessing = 0;
		};
		3F15E5EF2DF1801400692000 /* Frameworks */ = {
			isa = PBXFrameworksBuildPhase;
			buildActionMask = 2147483647;
			files = (
			);
			runOnlyForDeploymentPostprocessing = 0;
		};
		3F15E5F92DF1801400692000 /* Frameworks */ = {
			isa = PBXFrameworksBuildPhase;
			buildActionMask = 2147483647;
			files = (
			);
			runOnlyForDeploymentPostprocessing = 0;
		};
		3F9237142DF82EC90023B5D2 /* Frameworks */ = {
			isa = PBXFrameworksBuildPhase;
			buildActionMask = 2147483647;
			files = (
			);
			runOnlyForDeploymentPostprocessing = 0;
		};
		3FD9723D2DDEBD4700B3D542 /* Frameworks */ = {
			isa = PBXFrameworksBuildPhase;
			buildActionMask = 2147483647;
			files = (
				3FC312802DE5A44D003566FB /* FirebaseDatabase in Frameworks */,
				3FC3127A2DE5A44D003566FB /* FirebaseAppCheck in Frameworks */,
				3FC3127C2DE5A44D003566FB /* FirebaseAuth in Frameworks */,
				3FC3127E2DE5A44D003566FB /* FirebaseCore in Frameworks */,
				3FC312782DE5A44D003566FB /* FirebaseAnalytics in Frameworks */,
				B955D79A2DF9B9A600941302 /* WatchConnectivity.framework in Frameworks */,
			);
			runOnlyForDeploymentPostprocessing = 0;
		};
/* End PBXFrameworksBuildPhase section */

/* Begin PBXGroup section */
		3FD972372DDEBD4700B3D542 = {
			isa = PBXGroup;
			children = (
				B955D7A22DF9CEEE00941302 /* ALP_MAD.xctestplan */,
				3FD972422DDEBD4700B3D542 /* ALP_MAD */,
				3F15E5E72DF1801200692000 /* ALP_MADWatchApp Watch App */,
				3F15E5F52DF1801400692000 /* ALP_MADWatchApp Watch AppTests */,
				3F15E5FF2DF1801400692000 /* ALP_MADWatchApp Watch AppUITests */,
				3F9237182DF82EC90023B5D2 /* ALP_MADTests */,
				B955D7972DF9B99600941302 /* Frameworks */,
				3FD972412DDEBD4700B3D542 /* Products */,
			);
			sourceTree = "<group>";
		};
		3FD972412DDEBD4700B3D542 /* Products */ = {
			isa = PBXGroup;
			children = (
				3FD972402DDEBD4700B3D542 /* ALP_MAD.app */,
				3F15E5E62DF1801200692000 /* ALP_MADWatchApp Watch App.app */,
				3F15E5F22DF1801400692000 /* ALP_MADWatchApp Watch AppTests.xctest */,
				3F15E5FC2DF1801400692000 /* ALP_MADWatchApp Watch AppUITests.xctest */,
				3F9236BF2DF82E5A0023B5D2 /* ALP_MADTests.xctest */,
				3F9237172DF82EC90023B5D2 /* ALP_MADTests.xctest */,
			);
			name = Products;
			sourceTree = "<group>";
		};
		B955D7972DF9B99600941302 /* Frameworks */ = {
			isa = PBXGroup;
			children = (
				B955D79D2DF9B9B500941302 /* WatchConnectivity.framework */,
				B955D7982DF9B99600941302 /* WatchConnectivity.framework */,
			);
			name = Frameworks;
			sourceTree = "<group>";
		};
/* End PBXGroup section */

/* Begin PBXNativeTarget section */
		3F15E5E52DF1801200692000 /* ALP_MADWatchApp Watch App */ = {
			isa = PBXNativeTarget;
			buildConfigurationList = 3F15E60E2DF1801400692000 /* Build configuration list for PBXNativeTarget "ALP_MADWatchApp Watch App" */;
			buildPhases = (
				3F15E5E22DF1801200692000 /* Sources */,
				3F15E5E32DF1801200692000 /* Frameworks */,
				3F15E5E42DF1801200692000 /* Resources */,
			);
			buildRules = (
			);
			dependencies = (
			);
			fileSystemSynchronizedGroups = (
				3F15E5E72DF1801200692000 /* ALP_MADWatchApp Watch App */,
			);
			name = "ALP_MADWatchApp Watch App";
			packageProductDependencies = (
			);
			productName = "ALP_MADWatchApp Watch App";
			productReference = 3F15E5E62DF1801200692000 /* ALP_MADWatchApp Watch App.app */;
			productType = "com.apple.product-type.application";
		};
		3F15E5F12DF1801400692000 /* ALP_MADWatchApp Watch AppTests */ = {
			isa = PBXNativeTarget;
			buildConfigurationList = 3F15E60F2DF1801400692000 /* Build configuration list for PBXNativeTarget "ALP_MADWatchApp Watch AppTests" */;
			buildPhases = (
				3F15E5EE2DF1801400692000 /* Sources */,
				3F15E5EF2DF1801400692000 /* Frameworks */,
				3F15E5F02DF1801400692000 /* Resources */,
			);
			buildRules = (
			);
			dependencies = (
				3F15E5F42DF1801400692000 /* PBXTargetDependency */,
			);
			fileSystemSynchronizedGroups = (
				3F15E5F52DF1801400692000 /* ALP_MADWatchApp Watch AppTests */,
			);
			name = "ALP_MADWatchApp Watch AppTests";
			packageProductDependencies = (
			);
			productName = "ALP_MADWatchApp Watch AppTests";
			productReference = 3F15E5F22DF1801400692000 /* ALP_MADWatchApp Watch AppTests.xctest */;
			productType = "com.apple.product-type.bundle.unit-test";
		};
		3F15E5FB2DF1801400692000 /* ALP_MADWatchApp Watch AppUITests */ = {
			isa = PBXNativeTarget;
			buildConfigurationList = 3F15E6102DF1801400692000 /* Build configuration list for PBXNativeTarget "ALP_MADWatchApp Watch AppUITests" */;
			buildPhases = (
				3F15E5F82DF1801400692000 /* Sources */,
				3F15E5F92DF1801400692000 /* Frameworks */,
				3F15E5FA2DF1801400692000 /* Resources */,
			);
			buildRules = (
			);
			dependencies = (
				3F15E5FE2DF1801400692000 /* PBXTargetDependency */,
			);
			fileSystemSynchronizedGroups = (
				3F15E5FF2DF1801400692000 /* ALP_MADWatchApp Watch AppUITests */,
			);
			name = "ALP_MADWatchApp Watch AppUITests";
			packageProductDependencies = (
			);
			productName = "ALP_MADWatchApp Watch AppUITests";
			productReference = 3F15E5FC2DF1801400692000 /* ALP_MADWatchApp Watch AppUITests.xctest */;
			productType = "com.apple.product-type.bundle.ui-testing";
		};
		3F9237162DF82EC90023B5D2 /* ALP_MADTests */ = {
			isa = PBXNativeTarget;
			buildConfigurationList = 3F92371D2DF82ECA0023B5D2 /* Build configuration list for PBXNativeTarget "ALP_MADTests" */;
			buildPhases = (
				3F9237132DF82EC90023B5D2 /* Sources */,
				3F9237142DF82EC90023B5D2 /* Frameworks */,
				3F9237152DF82EC90023B5D2 /* Resources */,
			);
			buildRules = (
			);
			dependencies = (
				3F92371C2DF82EC90023B5D2 /* PBXTargetDependency */,
			);
			fileSystemSynchronizedGroups = (
				3F9237182DF82EC90023B5D2 /* ALP_MADTests */,
			);
			name = ALP_MADTests;
			packageProductDependencies = (
			);
			productName = ALP_MADTests;
			productReference = 3F9237172DF82EC90023B5D2 /* ALP_MADTests.xctest */;
			productType = "com.apple.product-type.bundle.unit-test";
		};
		3FD9723F2DDEBD4700B3D542 /* ALP_MAD */ = {
			isa = PBXNativeTarget;
			buildConfigurationList = 3FD9724E2DDEBD4900B3D542 /* Build configuration list for PBXNativeTarget "ALP_MAD" */;
			buildPhases = (
				3FD9723C2DDEBD4700B3D542 /* Sources */,
				3FD9723D2DDEBD4700B3D542 /* Frameworks */,
				3FD9723E2DDEBD4700B3D542 /* Resources */,
				3F15E6072DF1801400692000 /* Embed Watch Content */,
			);
			buildRules = (
			);
			dependencies = (
				3F15E6052DF1801400692000 /* PBXTargetDependency */,
			);
			fileSystemSynchronizedGroups = (
				3FD972422DDEBD4700B3D542 /* ALP_MAD */,
			);
			name = ALP_MAD;
			packageProductDependencies = (
				3FC312772DE5A44D003566FB /* FirebaseAnalytics */,
				3FC312792DE5A44D003566FB /* FirebaseAppCheck */,
				3FC3127B2DE5A44D003566FB /* FirebaseAuth */,
				3FC3127D2DE5A44D003566FB /* FirebaseCore */,
				3FC3127F2DE5A44D003566FB /* FirebaseDatabase */,
			);
			productName = ALP_MAD;
			productReference = 3FD972402DDEBD4700B3D542 /* ALP_MAD.app */;
			productType = "com.apple.product-type.application";
		};
/* End PBXNativeTarget section */

/* Begin PBXProject section */
		3FD972382DDEBD4700B3D542 /* Project object */ = {
			isa = PBXProject;
			attributes = {
				BuildIndependentTargetsInParallel = 1;
				LastSwiftUpdateCheck = 1620;
				LastUpgradeCheck = 1620;
				TargetAttributes = {
					3F15E5E52DF1801200692000 = {
						CreatedOnToolsVersion = 16.3;
					};
					3F15E5F12DF1801400692000 = {
						CreatedOnToolsVersion = 16.3;
						TestTargetID = 3F15E5E52DF1801200692000;
					};
					3F15E5FB2DF1801400692000 = {
						CreatedOnToolsVersion = 16.3;
						TestTargetID = 3F15E5E52DF1801200692000;
					};
					3F9237162DF82EC90023B5D2 = {
						CreatedOnToolsVersion = 16.2;
						TestTargetID = 3FD9723F2DDEBD4700B3D542;
					};
					3FD9723F2DDEBD4700B3D542 = {
						CreatedOnToolsVersion = 16.2;
					};
				};
			};
			buildConfigurationList = 3FD9723B2DDEBD4700B3D542 /* Build configuration list for PBXProject "ALP_MAD" */;
			developmentRegion = en;
			hasScannedForEncodings = 0;
			knownRegions = (
				en,
				Base,
			);
			mainGroup = 3FD972372DDEBD4700B3D542;
			minimizedProjectReferenceProxies = 1;
			packageReferences = (
				3FC312762DE5A44D003566FB /* XCRemoteSwiftPackageReference "firebase-ios-sdk" */,
			);
			preferredProjectObjectVersion = 77;
			productRefGroup = 3FD972412DDEBD4700B3D542 /* Products */;
			projectDirPath = "";
			projectRoot = "";
			targets = (
				3FD9723F2DDEBD4700B3D542 /* ALP_MAD */,
				3F15E5E52DF1801200692000 /* ALP_MADWatchApp Watch App */,
				3F15E5F12DF1801400692000 /* ALP_MADWatchApp Watch AppTests */,
				3F15E5FB2DF1801400692000 /* ALP_MADWatchApp Watch AppUITests */,
				3F9237162DF82EC90023B5D2 /* ALP_MADTests */,
			);
		};
/* End PBXProject section */

/* Begin PBXResourcesBuildPhase section */
		3F15E5E42DF1801200692000 /* Resources */ = {
			isa = PBXResourcesBuildPhase;
			buildActionMask = 2147483647;
			files = (
			);
			runOnlyForDeploymentPostprocessing = 0;
		};
		3F15E5F02DF1801400692000 /* Resources */ = {
			isa = PBXResourcesBuildPhase;
			buildActionMask = 2147483647;
			files = (
			);
			runOnlyForDeploymentPostprocessing = 0;
		};
		3F15E5FA2DF1801400692000 /* Resources */ = {
			isa = PBXResourcesBuildPhase;
			buildActionMask = 2147483647;
			files = (
			);
			runOnlyForDeploymentPostprocessing = 0;
		};
		3F9237152DF82EC90023B5D2 /* Resources */ = {
			isa = PBXResourcesBuildPhase;
			buildActionMask = 2147483647;
			files = (
			);
			runOnlyForDeploymentPostprocessing = 0;
		};
		3FD9723E2DDEBD4700B3D542 /* Resources */ = {
			isa = PBXResourcesBuildPhase;
			buildActionMask = 2147483647;
			files = (
			);
			runOnlyForDeploymentPostprocessing = 0;
		};
/* End PBXResourcesBuildPhase section */

/* Begin PBXSourcesBuildPhase section */
		3F15E5E22DF1801200692000 /* Sources */ = {
			isa = PBXSourcesBuildPhase;
			buildActionMask = 2147483647;
			files = (
			);
			runOnlyForDeploymentPostprocessing = 0;
		};
		3F15E5EE2DF1801400692000 /* Sources */ = {
			isa = PBXSourcesBuildPhase;
			buildActionMask = 2147483647;
			files = (
			);
			runOnlyForDeploymentPostprocessing = 0;
		};
		3F15E5F82DF1801400692000 /* Sources */ = {
			isa = PBXSourcesBuildPhase;
			buildActionMask = 2147483647;
			files = (
			);
			runOnlyForDeploymentPostprocessing = 0;
		};
		3F9237132DF82EC90023B5D2 /* Sources */ = {
			isa = PBXSourcesBuildPhase;
			buildActionMask = 2147483647;
			files = (
			);
			runOnlyForDeploymentPostprocessing = 0;
		};
		3FD9723C2DDEBD4700B3D542 /* Sources */ = {
			isa = PBXSourcesBuildPhase;
			buildActionMask = 2147483647;
			files = (
			);
			runOnlyForDeploymentPostprocessing = 0;
		};
/* End PBXSourcesBuildPhase section */

/* Begin PBXTargetDependency section */
		3F15E5F42DF1801400692000 /* PBXTargetDependency */ = {
			isa = PBXTargetDependency;
			target = 3F15E5E52DF1801200692000 /* ALP_MADWatchApp Watch App */;
			targetProxy = 3F15E5F32DF1801400692000 /* PBXContainerItemProxy */;
		};
		3F15E5FE2DF1801400692000 /* PBXTargetDependency */ = {
			isa = PBXTargetDependency;
			target = 3F15E5E52DF1801200692000 /* ALP_MADWatchApp Watch App */;
			targetProxy = 3F15E5FD2DF1801400692000 /* PBXContainerItemProxy */;
		};
		3F15E6052DF1801400692000 /* PBXTargetDependency */ = {
			isa = PBXTargetDependency;
			target = 3F15E5E52DF1801200692000 /* ALP_MADWatchApp Watch App */;
			targetProxy = 3F15E6042DF1801400692000 /* PBXContainerItemProxy */;
		};
		3F92371C2DF82EC90023B5D2 /* PBXTargetDependency */ = {
			isa = PBXTargetDependency;
			target = 3FD9723F2DDEBD4700B3D542 /* ALP_MAD */;
			targetProxy = 3F92371B2DF82EC90023B5D2 /* PBXContainerItemProxy */;
		};
/* End PBXTargetDependency section */

/* Begin XCBuildConfiguration section */
		3F15E6082DF1801400692000 /* Debug */ = {
			isa = XCBuildConfiguration;
			buildSettings = {
				ASSETCATALOG_COMPILER_APPICON_NAME = AppIcon;
				ASSETCATALOG_COMPILER_GLOBAL_ACCENT_COLOR_NAME = AccentColor;
				CODE_SIGN_STYLE = Automatic;
				CURRENT_PROJECT_VERSION = 1;
				ENABLE_PREVIEWS = YES;
				GENERATE_INFOPLIST_FILE = YES;
				INFOPLIST_KEY_CFBundleDisplayName = ALP_MADWatchApp;
				INFOPLIST_KEY_UISupportedInterfaceOrientations = "UIInterfaceOrientationPortrait UIInterfaceOrientationPortraitUpsideDown";
				INFOPLIST_KEY_WKCompanionAppBundleIdentifier = "UC-IMT.ALP-MAD";
				LD_RUNPATH_SEARCH_PATHS = (
					"$(inherited)",
					"@executable_path/Frameworks",
				);
				MARKETING_VERSION = 1.0;
				PRODUCT_BUNDLE_IDENTIFIER = "UC-IMT.ALP-MAD.watchkitapp";
				PRODUCT_NAME = "$(TARGET_NAME)";
				SDKROOT = watchos;
				SKIP_INSTALL = YES;
				SWIFT_EMIT_LOC_STRINGS = YES;
				SWIFT_VERSION = 5.0;
				TARGETED_DEVICE_FAMILY = 4;
				WATCHOS_DEPLOYMENT_TARGET = 10.6;
			};
			name = Debug;
		};
		3F15E6092DF1801400692000 /* Release */ = {
			isa = XCBuildConfiguration;
			buildSettings = {
				ASSETCATALOG_COMPILER_APPICON_NAME = AppIcon;
				ASSETCATALOG_COMPILER_GLOBAL_ACCENT_COLOR_NAME = AccentColor;
				CODE_SIGN_STYLE = Automatic;
				CURRENT_PROJECT_VERSION = 1;
				ENABLE_PREVIEWS = YES;
				GENERATE_INFOPLIST_FILE = YES;
				INFOPLIST_KEY_CFBundleDisplayName = ALP_MADWatchApp;
				INFOPLIST_KEY_UISupportedInterfaceOrientations = "UIInterfaceOrientationPortrait UIInterfaceOrientationPortraitUpsideDown";
				INFOPLIST_KEY_WKCompanionAppBundleIdentifier = "UC-IMT.ALP-MAD";
				LD_RUNPATH_SEARCH_PATHS = (
					"$(inherited)",
					"@executable_path/Frameworks",
				);
				MARKETING_VERSION = 1.0;
				PRODUCT_BUNDLE_IDENTIFIER = "UC-IMT.ALP-MAD.watchkitapp";
				PRODUCT_NAME = "$(TARGET_NAME)";
				SDKROOT = watchos;
				SKIP_INSTALL = YES;
				SWIFT_EMIT_LOC_STRINGS = YES;
				SWIFT_VERSION = 5.0;
				TARGETED_DEVICE_FAMILY = 4;
				WATCHOS_DEPLOYMENT_TARGET = 10.6;
			};
			name = Release;
		};
		3F15E60A2DF1801400692000 /* Debug */ = {
			isa = XCBuildConfiguration;
			buildSettings = {
				BUNDLE_LOADER = "$(TEST_HOST)";
				CODE_SIGN_STYLE = Automatic;
				CURRENT_PROJECT_VERSION = 1;
				GENERATE_INFOPLIST_FILE = YES;
				MARKETING_VERSION = 1.0;
				PRODUCT_BUNDLE_IDENTIFIER = "UC-IMT.ALP-MADWatchApp-Watch-AppTests";
				PRODUCT_NAME = "$(TARGET_NAME)";
				SDKROOT = watchos;
				SWIFT_EMIT_LOC_STRINGS = NO;
				SWIFT_VERSION = 5.0;
				TARGETED_DEVICE_FAMILY = 4;
				TEST_HOST = "$(BUILT_PRODUCTS_DIR)/ALP_MADWatchApp Watch App.app/$(BUNDLE_EXECUTABLE_FOLDER_PATH)/ALP_MADWatchApp Watch App";
				WATCHOS_DEPLOYMENT_TARGET = 11.4;
			};
			name = Debug;
		};
		3F15E60B2DF1801400692000 /* Release */ = {
			isa = XCBuildConfiguration;
			buildSettings = {
				BUNDLE_LOADER = "$(TEST_HOST)";
				CODE_SIGN_STYLE = Automatic;
				CURRENT_PROJECT_VERSION = 1;
				GENERATE_INFOPLIST_FILE = YES;
				MARKETING_VERSION = 1.0;
				PRODUCT_BUNDLE_IDENTIFIER = "UC-IMT.ALP-MADWatchApp-Watch-AppTests";
				PRODUCT_NAME = "$(TARGET_NAME)";
				SDKROOT = watchos;
				SWIFT_EMIT_LOC_STRINGS = NO;
				SWIFT_VERSION = 5.0;
				TARGETED_DEVICE_FAMILY = 4;
				TEST_HOST = "$(BUILT_PRODUCTS_DIR)/ALP_MADWatchApp Watch App.app/$(BUNDLE_EXECUTABLE_FOLDER_PATH)/ALP_MADWatchApp Watch App";
				WATCHOS_DEPLOYMENT_TARGET = 11.4;
			};
			name = Release;
		};
		3F15E60C2DF1801400692000 /* Debug */ = {
			isa = XCBuildConfiguration;
			buildSettings = {
				CODE_SIGN_STYLE = Automatic;
				CURRENT_PROJECT_VERSION = 1;
				GENERATE_INFOPLIST_FILE = YES;
				MARKETING_VERSION = 1.0;
				PRODUCT_BUNDLE_IDENTIFIER = "UC-IMT.ALP-MADWatchApp-Watch-AppUITests";
				PRODUCT_NAME = "$(TARGET_NAME)";
				SDKROOT = watchos;
				SWIFT_EMIT_LOC_STRINGS = NO;
				SWIFT_VERSION = 5.0;
				TARGETED_DEVICE_FAMILY = 4;
				TEST_TARGET_NAME = "ALP_MADWatchApp Watch App";
				WATCHOS_DEPLOYMENT_TARGET = 11.4;
			};
			name = Debug;
		};
		3F15E60D2DF1801400692000 /* Release */ = {
			isa = XCBuildConfiguration;
			buildSettings = {
				CODE_SIGN_STYLE = Automatic;
				CURRENT_PROJECT_VERSION = 1;
				GENERATE_INFOPLIST_FILE = YES;
				MARKETING_VERSION = 1.0;
				PRODUCT_BUNDLE_IDENTIFIER = "UC-IMT.ALP-MADWatchApp-Watch-AppUITests";
				PRODUCT_NAME = "$(TARGET_NAME)";
				SDKROOT = watchos;
				SWIFT_EMIT_LOC_STRINGS = NO;
				SWIFT_VERSION = 5.0;
				TARGETED_DEVICE_FAMILY = 4;
				TEST_TARGET_NAME = "ALP_MADWatchApp Watch App";
				WATCHOS_DEPLOYMENT_TARGET = 11.4;
			};
			name = Release;
		};
		3F92371E2DF82ECA0023B5D2 /* Debug */ = {
			isa = XCBuildConfiguration;
			buildSettings = {
				BUNDLE_LOADER = "$(TEST_HOST)";
				CODE_SIGN_STYLE = Automatic;
				CURRENT_PROJECT_VERSION = 1;
				GENERATE_INFOPLIST_FILE = YES;
				MARKETING_VERSION = 1.0;
				PRODUCT_BUNDLE_IDENTIFIER = "IMT-Turu.ALP-MADTests";
				PRODUCT_NAME = "$(TARGET_NAME)";
				SWIFT_EMIT_LOC_STRINGS = NO;
				SWIFT_VERSION = 5.0;
				TARGETED_DEVICE_FAMILY = "1,2";
				TEST_HOST = "$(BUILT_PRODUCTS_DIR)/ALP_MAD.app/$(BUNDLE_EXECUTABLE_FOLDER_PATH)/ALP_MAD";
			};
			name = Debug;
		};
		3F92371F2DF82ECA0023B5D2 /* Release */ = {
			isa = XCBuildConfiguration;
			buildSettings = {
				BUNDLE_LOADER = "$(TEST_HOST)";
				CODE_SIGN_STYLE = Automatic;
				CURRENT_PROJECT_VERSION = 1;
				GENERATE_INFOPLIST_FILE = YES;
				MARKETING_VERSION = 1.0;
				PRODUCT_BUNDLE_IDENTIFIER = "IMT-Turu.ALP-MADTests";
				PRODUCT_NAME = "$(TARGET_NAME)";
				SWIFT_EMIT_LOC_STRINGS = NO;
				SWIFT_VERSION = 5.0;
				TARGETED_DEVICE_FAMILY = "1,2";
				TEST_HOST = "$(BUILT_PRODUCTS_DIR)/ALP_MAD.app/$(BUNDLE_EXECUTABLE_FOLDER_PATH)/ALP_MAD";
			};
			name = Release;
		};
		3FD9724C2DDEBD4900B3D542 /* Debug */ = {
			isa = XCBuildConfiguration;
			buildSettings = {
				ALWAYS_SEARCH_USER_PATHS = NO;
				ASSETCATALOG_COMPILER_GENERATE_SWIFT_ASSET_SYMBOL_EXTENSIONS = YES;
				CLANG_ANALYZER_NONNULL = YES;
				CLANG_ANALYZER_NUMBER_OBJECT_CONVERSION = YES_AGGRESSIVE;
				CLANG_CXX_LANGUAGE_STANDARD = "gnu++20";
				CLANG_ENABLE_MODULES = YES;
				CLANG_ENABLE_OBJC_ARC = YES;
				CLANG_ENABLE_OBJC_WEAK = YES;
				CLANG_WARN_BLOCK_CAPTURE_AUTORELEASING = YES;
				CLANG_WARN_BOOL_CONVERSION = YES;
				CLANG_WARN_COMMA = YES;
				CLANG_WARN_CONSTANT_CONVERSION = YES;
				CLANG_WARN_DEPRECATED_OBJC_IMPLEMENTATIONS = YES;
				CLANG_WARN_DIRECT_OBJC_ISA_USAGE = YES_ERROR;
				CLANG_WARN_DOCUMENTATION_COMMENTS = YES;
				CLANG_WARN_EMPTY_BODY = YES;
				CLANG_WARN_ENUM_CONVERSION = YES;
				CLANG_WARN_INFINITE_RECURSION = YES;
				CLANG_WARN_INT_CONVERSION = YES;
				CLANG_WARN_NON_LITERAL_NULL_CONVERSION = YES;
				CLANG_WARN_OBJC_IMPLICIT_RETAIN_SELF = YES;
				CLANG_WARN_OBJC_LITERAL_CONVERSION = YES;
				CLANG_WARN_OBJC_ROOT_CLASS = YES_ERROR;
				CLANG_WARN_QUOTED_INCLUDE_IN_FRAMEWORK_HEADER = YES;
				CLANG_WARN_RANGE_LOOP_ANALYSIS = YES;
				CLANG_WARN_STRICT_PROTOTYPES = YES;
				CLANG_WARN_SUSPICIOUS_MOVE = YES;
				CLANG_WARN_UNGUARDED_AVAILABILITY = YES_AGGRESSIVE;
				CLANG_WARN_UNREACHABLE_CODE = YES;
				CLANG_WARN__DUPLICATE_METHOD_MATCH = YES;
				COPY_PHASE_STRIP = NO;
				DEBUG_INFORMATION_FORMAT = dwarf;
				ENABLE_STRICT_OBJC_MSGSEND = YES;
				ENABLE_TESTABILITY = YES;
				ENABLE_USER_SCRIPT_SANDBOXING = YES;
				GCC_C_LANGUAGE_STANDARD = gnu17;
				GCC_DYNAMIC_NO_PIC = NO;
				GCC_NO_COMMON_BLOCKS = YES;
				GCC_OPTIMIZATION_LEVEL = 0;
				GCC_PREPROCESSOR_DEFINITIONS = (
					"DEBUG=1",
					"$(inherited)",
				);
				GCC_WARN_64_TO_32_BIT_CONVERSION = YES;
				GCC_WARN_ABOUT_RETURN_TYPE = YES_ERROR;
				GCC_WARN_UNDECLARED_SELECTOR = YES;
				GCC_WARN_UNINITIALIZED_AUTOS = YES_AGGRESSIVE;
				GCC_WARN_UNUSED_FUNCTION = YES;
				GCC_WARN_UNUSED_VARIABLE = YES;
				IPHONEOS_DEPLOYMENT_TARGET = 18.2;
				LOCALIZATION_PREFERS_STRING_CATALOGS = YES;
				MTL_ENABLE_DEBUG_INFO = INCLUDE_SOURCE;
				MTL_FAST_MATH = YES;
				ONLY_ACTIVE_ARCH = YES;
				SDKROOT = iphoneos;
				SWIFT_ACTIVE_COMPILATION_CONDITIONS = "DEBUG $(inherited)";
				SWIFT_OPTIMIZATION_LEVEL = "-Onone";
			};
			name = Debug;
		};
		3FD9724D2DDEBD4900B3D542 /* Release */ = {
			isa = XCBuildConfiguration;
			buildSettings = {
				ALWAYS_SEARCH_USER_PATHS = NO;
				ASSETCATALOG_COMPILER_GENERATE_SWIFT_ASSET_SYMBOL_EXTENSIONS = YES;
				CLANG_ANALYZER_NONNULL = YES;
				CLANG_ANALYZER_NUMBER_OBJECT_CONVERSION = YES_AGGRESSIVE;
				CLANG_CXX_LANGUAGE_STANDARD = "gnu++20";
				CLANG_ENABLE_MODULES = YES;
				CLANG_ENABLE_OBJC_ARC = YES;
				CLANG_ENABLE_OBJC_WEAK = YES;
				CLANG_WARN_BLOCK_CAPTURE_AUTORELEASING = YES;
				CLANG_WARN_BOOL_CONVERSION = YES;
				CLANG_WARN_COMMA = YES;
				CLANG_WARN_CONSTANT_CONVERSION = YES;
				CLANG_WARN_DEPRECATED_OBJC_IMPLEMENTATIONS = YES;
				CLANG_WARN_DIRECT_OBJC_ISA_USAGE = YES_ERROR;
				CLANG_WARN_DOCUMENTATION_COMMENTS = YES;
				CLANG_WARN_EMPTY_BODY = YES;
				CLANG_WARN_ENUM_CONVERSION = YES;
				CLANG_WARN_INFINITE_RECURSION = YES;
				CLANG_WARN_INT_CONVERSION = YES;
				CLANG_WARN_NON_LITERAL_NULL_CONVERSION = YES;
				CLANG_WARN_OBJC_IMPLICIT_RETAIN_SELF = YES;
				CLANG_WARN_OBJC_LITERAL_CONVERSION = YES;
				CLANG_WARN_OBJC_ROOT_CLASS = YES_ERROR;
				CLANG_WARN_QUOTED_INCLUDE_IN_FRAMEWORK_HEADER = YES;
				CLANG_WARN_RANGE_LOOP_ANALYSIS = YES;
				CLANG_WARN_STRICT_PROTOTYPES = YES;
				CLANG_WARN_SUSPICIOUS_MOVE = YES;
				CLANG_WARN_UNGUARDED_AVAILABILITY = YES_AGGRESSIVE;
				CLANG_WARN_UNREACHABLE_CODE = YES;
				CLANG_WARN__DUPLICATE_METHOD_MATCH = YES;
				COPY_PHASE_STRIP = NO;
				DEBUG_INFORMATION_FORMAT = "dwarf-with-dsym";
				ENABLE_NS_ASSERTIONS = NO;
				ENABLE_STRICT_OBJC_MSGSEND = YES;
				ENABLE_USER_SCRIPT_SANDBOXING = YES;
				GCC_C_LANGUAGE_STANDARD = gnu17;
				GCC_NO_COMMON_BLOCKS = YES;
				GCC_WARN_64_TO_32_BIT_CONVERSION = YES;
				GCC_WARN_ABOUT_RETURN_TYPE = YES_ERROR;
				GCC_WARN_UNDECLARED_SELECTOR = YES;
				GCC_WARN_UNINITIALIZED_AUTOS = YES_AGGRESSIVE;
				GCC_WARN_UNUSED_FUNCTION = YES;
				GCC_WARN_UNUSED_VARIABLE = YES;
				IPHONEOS_DEPLOYMENT_TARGET = 18.2;
				LOCALIZATION_PREFERS_STRING_CATALOGS = YES;
				MTL_ENABLE_DEBUG_INFO = NO;
				MTL_FAST_MATH = YES;
				SDKROOT = iphoneos;
				SWIFT_COMPILATION_MODE = wholemodule;
				VALIDATE_PRODUCT = YES;
			};
			name = Release;
		};
		3FD9724F2DDEBD4900B3D542 /* Debug */ = {
			isa = XCBuildConfiguration;
			buildSettings = {
				ASSETCATALOG_COMPILER_APPICON_NAME = AppIcon;
				ASSETCATALOG_COMPILER_GLOBAL_ACCENT_COLOR_NAME = AccentColor;
				CODE_SIGN_STYLE = Automatic;
				CURRENT_PROJECT_VERSION = 1;
				DEVELOPMENT_ASSET_PATHS = "\"ALP_MAD/Preview Content\"";
				ENABLE_PREVIEWS = YES;
				GENERATE_INFOPLIST_FILE = YES;
				INFOPLIST_KEY_UIApplicationSceneManifest_Generation = YES;
				INFOPLIST_KEY_UIApplicationSupportsIndirectInputEvents = YES;
				INFOPLIST_KEY_UILaunchScreen_Generation = YES;
				INFOPLIST_KEY_UISupportedInterfaceOrientations_iPad = "UIInterfaceOrientationPortrait UIInterfaceOrientationPortraitUpsideDown UIInterfaceOrientationLandscapeLeft UIInterfaceOrientationLandscapeRight";
				INFOPLIST_KEY_UISupportedInterfaceOrientations_iPhone = "UIInterfaceOrientationPortrait UIInterfaceOrientationLandscapeLeft UIInterfaceOrientationLandscapeRight";
				IPHONEOS_DEPLOYMENT_TARGET = 17.6;
				LD_RUNPATH_SEARCH_PATHS = (
					"$(inherited)",
					"@executable_path/Frameworks",
				);
				MARKETING_VERSION = 1.0;
				PRODUCT_BUNDLE_IDENTIFIER = "UC-IMT.ALP-MAD";
				PRODUCT_NAME = "$(TARGET_NAME)";
				SWIFT_EMIT_LOC_STRINGS = YES;
				SWIFT_VERSION = 5.0;
				TARGETED_DEVICE_FAMILY = "1,2";
			};
			name = Debug;
		};
		3FD972502DDEBD4900B3D542 /* Release */ = {
			isa = XCBuildConfiguration;
			buildSettings = {
				ASSETCATALOG_COMPILER_APPICON_NAME = AppIcon;
				ASSETCATALOG_COMPILER_GLOBAL_ACCENT_COLOR_NAME = AccentColor;
				CODE_SIGN_STYLE = Automatic;
				CURRENT_PROJECT_VERSION = 1;
				DEVELOPMENT_ASSET_PATHS = "\"ALP_MAD/Preview Content\"";
				ENABLE_PREVIEWS = YES;
				GENERATE_INFOPLIST_FILE = YES;
				INFOPLIST_KEY_UIApplicationSceneManifest_Generation = YES;
				INFOPLIST_KEY_UIApplicationSupportsIndirectInputEvents = YES;
				INFOPLIST_KEY_UILaunchScreen_Generation = YES;
				INFOPLIST_KEY_UISupportedInterfaceOrientations_iPad = "UIInterfaceOrientationPortrait UIInterfaceOrientationPortraitUpsideDown UIInterfaceOrientationLandscapeLeft UIInterfaceOrientationLandscapeRight";
				INFOPLIST_KEY_UISupportedInterfaceOrientations_iPhone = "UIInterfaceOrientationPortrait UIInterfaceOrientationLandscapeLeft UIInterfaceOrientationLandscapeRight";
				IPHONEOS_DEPLOYMENT_TARGET = 17.6;
				LD_RUNPATH_SEARCH_PATHS = (
					"$(inherited)",
					"@executable_path/Frameworks",
				);
				MARKETING_VERSION = 1.0;
				PRODUCT_BUNDLE_IDENTIFIER = "UC-IMT.ALP-MAD";
				PRODUCT_NAME = "$(TARGET_NAME)";
				SWIFT_EMIT_LOC_STRINGS = YES;
				SWIFT_VERSION = 5.0;
				TARGETED_DEVICE_FAMILY = "1,2";
			};
			name = Release;
		};
/* End XCBuildConfiguration section */

/* Begin XCConfigurationList section */
		3F15E60E2DF1801400692000 /* Build configuration list for PBXNativeTarget "ALP_MADWatchApp Watch App" */ = {
			isa = XCConfigurationList;
			buildConfigurations = (
				3F15E6082DF1801400692000 /* Debug */,
				3F15E6092DF1801400692000 /* Release */,
			);
			defaultConfigurationIsVisible = 0;
			defaultConfigurationName = Release;
		};
		3F15E60F2DF1801400692000 /* Build configuration list for PBXNativeTarget "ALP_MADWatchApp Watch AppTests" */ = {
			isa = XCConfigurationList;
			buildConfigurations = (
				3F15E60A2DF1801400692000 /* Debug */,
				3F15E60B2DF1801400692000 /* Release */,
			);
			defaultConfigurationIsVisible = 0;
			defaultConfigurationName = Release;
		};
		3F15E6102DF1801400692000 /* Build configuration list for PBXNativeTarget "ALP_MADWatchApp Watch AppUITests" */ = {
			isa = XCConfigurationList;
			buildConfigurations = (
				3F15E60C2DF1801400692000 /* Debug */,
				3F15E60D2DF1801400692000 /* Release */,
			);
			defaultConfigurationIsVisible = 0;
			defaultConfigurationName = Release;
		};
		3F92371D2DF82ECA0023B5D2 /* Build configuration list for PBXNativeTarget "ALP_MADTests" */ = {
			isa = XCConfigurationList;
			buildConfigurations = (
				3F92371E2DF82ECA0023B5D2 /* Debug */,
				3F92371F2DF82ECA0023B5D2 /* Release */,
			);
			defaultConfigurationIsVisible = 0;
			defaultConfigurationName = Release;
		};
		3FD9723B2DDEBD4700B3D542 /* Build configuration list for PBXProject "ALP_MAD" */ = {
			isa = XCConfigurationList;
			buildConfigurations = (
				3FD9724C2DDEBD4900B3D542 /* Debug */,
				3FD9724D2DDEBD4900B3D542 /* Release */,
			);
			defaultConfigurationIsVisible = 0;
			defaultConfigurationName = Release;
		};
		3FD9724E2DDEBD4900B3D542 /* Build configuration list for PBXNativeTarget "ALP_MAD" */ = {
			isa = XCConfigurationList;
			buildConfigurations = (
				3FD9724F2DDEBD4900B3D542 /* Debug */,
				3FD972502DDEBD4900B3D542 /* Release */,
			);
			defaultConfigurationIsVisible = 0;
			defaultConfigurationName = Release;
		};
/* End XCConfigurationList section */

/* Begin XCRemoteSwiftPackageReference section */
		3FC312762DE5A44D003566FB /* XCRemoteSwiftPackageReference "firebase-ios-sdk" */ = {
			isa = XCRemoteSwiftPackageReference;
			repositoryURL = "https://github.com/firebase/firebase-ios-sdk";
			requirement = {
				kind = upToNextMajorVersion;
				minimumVersion = 11.13.0;
			};
		};
/* End XCRemoteSwiftPackageReference section */

/* Begin XCSwiftPackageProductDependency section */
		3FC312772DE5A44D003566FB /* FirebaseAnalytics */ = {
			isa = XCSwiftPackageProductDependency;
			package = 3FC312762DE5A44D003566FB /* XCRemoteSwiftPackageReference "firebase-ios-sdk" */;
			productName = FirebaseAnalytics;
		};
		3FC312792DE5A44D003566FB /* FirebaseAppCheck */ = {
			isa = XCSwiftPackageProductDependency;
			package = 3FC312762DE5A44D003566FB /* XCRemoteSwiftPackageReference "firebase-ios-sdk" */;
			productName = FirebaseAppCheck;
		};
		3FC3127B2DE5A44D003566FB /* FirebaseAuth */ = {
			isa = XCSwiftPackageProductDependency;
			package = 3FC312762DE5A44D003566FB /* XCRemoteSwiftPackageReference "firebase-ios-sdk" */;
			productName = FirebaseAuth;
		};
		3FC3127D2DE5A44D003566FB /* FirebaseCore */ = {
			isa = XCSwiftPackageProductDependency;
			package = 3FC312762DE5A44D003566FB /* XCRemoteSwiftPackageReference "firebase-ios-sdk" */;
			productName = FirebaseCore;
		};
		3FC3127F2DE5A44D003566FB /* FirebaseDatabase */ = {
			isa = XCSwiftPackageProductDependency;
			package = 3FC312762DE5A44D003566FB /* XCRemoteSwiftPackageReference "firebase-ios-sdk" */;
			productName = FirebaseDatabase;
		};
/* End XCSwiftPackageProductDependency section */
	};
	rootObject = 3FD972382DDEBD4700B3D542 /* Project object */;
}
